
Microsoft Visual Studio Solution File, Format Version 12.00
Project("{FAE04EC0-301F-11D3-BF4B-00C04F79EFBC}") = "Razmx.App", "Razmx.App\Razmx.App.csproj", "{A2CEDBD7-77B9-47EE-931B-A93719C9EA51}"
EndProject
Project("{FAE04EC0-301F-11D3-BF4B-00C04F79EFBC}") = "Razmx.Core", "Razmx.Core\Razmx.Core.csproj", "{0222CB57-87CF-4B2C-A287-BA97113870BB}"
EndProject
Global
	GlobalSection(SolutionConfigurationPlatforms) = preSolution
		Debug|Any CPU = Debug|Any CPU
		Release|Any CPU = Release|Any CPU
	EndGlobalSection
	GlobalSection(ProjectConfigurationPlatforms) = postSolution
		{A2CEDBD7-77B9-47EE-931B-A93719C9EA51}.Debug|Any CPU.ActiveCfg = Debug|Any CPU
		{A2CEDBD7-77B9-47EE-931B-A93719C9EA51}.Debug|Any CPU.Build.0 = Debug|Any CPU
		{A2CEDBD7-77B9-47EE-931B-A93719C9EA51}.Release|Any CPU.ActiveCfg = Release|Any CPU
		{A2CEDBD7-77B9-47EE-931B-A93719C9EA51}.Release|Any CPU.Build.0 = Release|Any CPU
		{0222CB57-87CF-4B2C-A287-BA97113870BB}.Debug|Any CPU.ActiveCfg = Debug|Any CPU
		{0222CB57-87CF-4B2C-A287-BA97113870BB}.Debug|Any CPU.Build.0 = Debug|Any CPU
		{0222CB57-87CF-4B2C-A287-BA97113870BB}.Release|Any CPU.ActiveCfg = Release|Any CPU
		{0222CB57-87CF-4B2C-A287-BA97113870BB}.Release|Any CPU.Build.0 = Release|Any CPU
	EndGlobalSection
EndGlobal
